schema: '2.0'
stages:
  train:
    cmd: python3.13 src/train.py data/prepared model
    deps:
    - path: data/prepared
      hash: md5
      md5: 775bd373735fe7cc3a927e6e157863c4.dir
      size: 6616407
      nfiles: 8
    - path: src/train.py
      hash: md5
      md5: c9d55746b473d880abbd6fe901aeeaa7
      size: 3879
    - path: src/utils/seed.py
      hash: md5
      md5: 3a792a2e3aece6c04c2756bc133a5cd1
      size: 438
    params:
      params.yaml:
        train:
          seed: 77
          lr: 0.001
          epochs: 10
          conv_size: 64
          dense_size: 128
          output_classes: 11
    outs:
    - path: model
      hash: md5
      md5: fd00c3f306ebee55a5f0bf036811fa61.dir
      size: 8375907
      nfiles: 2
  evaluate:
    cmd: python3.13 src/evaluate.py model data/prepared
    deps:
    - path: model
      hash: md5
      md5: fd00c3f306ebee55a5f0bf036811fa61.dir
      size: 8375907
      nfiles: 2
    - path: src/evaluate.py
      hash: md5
      md5: 4414b62ec59d29697f41eba43bacad14
      size: 5617
    outs:
    - path: evaluation/metrics.json
      hash: md5
      md5: 94e1ea98300fb108895aca96e12731ed
      size: 64
    - path: evaluation/plots/confusion_matrix.png
      hash: md5
      md5: 1595188aa3d6205cd03355b70c81cd81
      size: 40698
    - path: evaluation/plots/pred_preview.png
      hash: md5
      md5: 613ac6ed4a4568bfac3f149198f8bf28
      size: 38425
    - path: evaluation/plots/training_history.png
      hash: md5
      md5: 9d0ac7703c6fbf628b277f22b04e2ca0
      size: 34066
