schema: '2.0'
stages:
  train:
    cmd: python3.13 src/train.py data/prepared model
    deps:
    - path: data/prepared
      hash: md5
      md5: 775bd373735fe7cc3a927e6e157863c4.dir
      size: 6616407
      nfiles: 8
    - path: src/train.py
      hash: md5
      md5: b281ac5be5204cdb50c9f288045063e8
      size: 2590
    - path: src/utils/seed.py
      hash: md5
      md5: 3a792a2e3aece6c04c2756bc133a5cd1
      size: 438
    params:
      params.yaml:
        train:
          seed: 77
          lr: 0.0001
          epochs: 10
          conv_size: 32
          dense_size: 64
          output_classes: 11
    outs:
    - path: model
      hash: md5
      md5: 47f678d0395d3044753347697088775a.dir
      size: 2501972
      nfiles: 2
  evaluate:
    cmd: python3.13 src/evaluate.py model data/prepared
    deps:
    - path: model
      hash: md5
      md5: 47f678d0395d3044753347697088775a.dir
      size: 2501972
      nfiles: 2
    - path: src/evaluate.py
      hash: md5
      md5: ea7df123ec1b20c52759287554652c26
      size: 5209
    outs:
    - path: evaluation/metrics.json
      hash: md5
      md5: b2d32e763fdb7ff5aa1e59f751e7c64a
      size: 63
    - path: evaluation/plots/confusion_matrix.png
      hash: md5
      md5: ea9e2131af21a168364be4b5500e0498
      size: 45356
    - path: evaluation/plots/pred_preview.png
      hash: md5
      md5: 6f2c6ff75d0fbdc0334f94ed2267337e
      size: 39122
    - path: evaluation/plots/training_history.png
      hash: md5
      md5: 766353390272c427843448bceff50a45
      size: 36939
